// !$*UTF8*$!
{
	archiveVersion = 1;
	classes = {
	};
	objectVersion = 56;
	objects = {

/* Begin PBXBuildFile section */
		5408E1B82CAB4BA800580E82 /* Dimensions.swift in Sources */ = {isa = PBXBuildFile; fileRef = 5408E1B72CAB4BA800580E82 /* Dimensions.swift */; };
		540A18F02C9F6CD500291CEF /* RealityKitContent in Frameworks */ = {isa = PBXBuildFile; productRef = 540A18EF2C9F6CD500291CEF /* RealityKitContent */; };
		540A18F22C9F6CD500291CEF /* App.swift in Sources */ = {isa = PBXBuildFile; fileRef = 540A18F12C9F6CD500291CEF /* App.swift */; };
		540A18F42C9F6CD500291CEF /* ContentView.swift in Sources */ = {isa = PBXBuildFile; fileRef = 540A18F32C9F6CD500291CEF /* ContentView.swift */; };
		540A18F62C9F6CD500291CEF /* ImmersiveView.swift in Sources */ = {isa = PBXBuildFile; fileRef = 540A18F52C9F6CD500291CEF /* ImmersiveView.swift */; };
		540A18F82C9F6CD500291CEF /* ImageBasedLighting.skybox in Resources */ = {isa = PBXBuildFile; fileRef = 540A18F72C9F6CD500291CEF /* ImageBasedLighting.skybox */; };
		540A18FA2C9F6CD800291CEF /* Assets.xcassets in Resources */ = {isa = PBXBuildFile; fileRef = 540A18F92C9F6CD800291CEF /* Assets.xcassets */; };
		540A18FD2C9F6CD800291CEF /* Preview Assets.xcassets in Resources */ = {isa = PBXBuildFile; fileRef = 540A18FC2C9F6CD800291CEF /* Preview Assets.xcassets */; };
		540A19052C9F6D8000291CEF /* FullSpaceView.swift in Sources */ = {isa = PBXBuildFile; fileRef = 540A19042C9F6D8000291CEF /* FullSpaceView.swift */; };
		540EE1BB2C9F6EC70056F03C /* GameView.swift in Sources */ = {isa = PBXBuildFile; fileRef = 540EE1BA2C9F6EC70056F03C /* GameView.swift */; };
		540EE1BD2C9F6F290056F03C /* BoardView.swift in Sources */ = {isa = PBXBuildFile; fileRef = 540EE1BC2C9F6F290056F03C /* BoardView.swift */; };
		540EE1C12C9F6F860056F03C /* AppModel.swift in Sources */ = {isa = PBXBuildFile; fileRef = 540EE1C02C9F6F860056F03C /* AppModel.swift */; };
		540EE1C32C9F74570056F03C /* TileView.swift in Sources */ = {isa = PBXBuildFile; fileRef = 540EE1C22C9F74570056F03C /* TileView.swift */; };
		5436D5102CA0C9C10065A4E3 /* VertexTileView.swift in Sources */ = {isa = PBXBuildFile; fileRef = 5436D50F2CA0C9C10065A4E3 /* VertexTileView.swift */; };
		5436D5122CA0CDC60065A4E3 /* TilePathView.swift in Sources */ = {isa = PBXBuildFile; fileRef = 5436D5112CA0CDC60065A4E3 /* TilePathView.swift */; };
		544B33042CB1DBC100365A68 /* Index.swift in Sources */ = {isa = PBXBuildFile; fileRef = 544B33032CB1DBC100365A68 /* Index.swift */; };
		5451CEC82CBB21B500025081 /* PositionError.swift in Sources */ = {isa = PBXBuildFile; fileRef = 5451CEC72CBB21B500025081 /* PositionError.swift */; };
		5457F5B02CA9F27300C5EFB7 /* TileType.swift in Sources */ = {isa = PBXBuildFile; fileRef = 5457F5AF2CA9F27300C5EFB7 /* TileType.swift */; };
		5457F5B32CA9F5CF00C5EFB7 /* Tile.swift in Sources */ = {isa = PBXBuildFile; fileRef = 5457F5B22CA9F5CF00C5EFB7 /* Tile.swift */; };
		5457F5B52CA9F9B500C5EFB7 /* Board.swift in Sources */ = {isa = PBXBuildFile; fileRef = 5457F5B42CA9F9B500C5EFB7 /* Board.swift */; };
		548F23042CC5D64D00A50F3F /* MainView.swift in Sources */ = {isa = PBXBuildFile; fileRef = 548F23032CC5D64D00A50F3F /* MainView.swift */; };
		54911FA92CC7551600A9FDDE /* GameRule.swift in Sources */ = {isa = PBXBuildFile; fileRef = 54911FA82CC7551600A9FDDE /* GameRule.swift */; };
		54C879CA2CD1E876003B88A6 /* NodeName.swift in Sources */ = {isa = PBXBuildFile; fileRef = 54C879C92CD1E876003B88A6 /* NodeName.swift */; };
		54CEB39E2CD6A9A500E1F5C2 /* Node.swift in Sources */ = {isa = PBXBuildFile; fileRef = 54CEB39D2CD6A9A500E1F5C2 /* Node.swift */; };
/* End PBXBuildFile section */

/* Begin PBXFileReference section */
		5408E1B72CAB4BA800580E82 /* Dimensions.swift */ = {isa = PBXFileReference; lastKnownFileType = sourcecode.swift; path = Dimensions.swift; sourceTree = "<group>"; };
		540A18EA2C9F6CD500291CEF /* yootnori.app */ = {isa = PBXFileReference; explicitFileType = wrapper.application; includeInIndex = 0; path = yootnori.app; sourceTree = BUILT_PRODUCTS_DIR; };
		540A18EE2C9F6CD500291CEF /* RealityKitContent */ = {isa = PBXFileReference; lastKnownFileType = wrapper; path = RealityKitContent; sourceTree = "<group>"; };
		540A18F12C9F6CD500291CEF /* App.swift */ = {isa = PBXFileReference; lastKnownFileType = sourcecode.swift; path = App.swift; sourceTree = "<group>"; };
		540A18F32C9F6CD500291CEF /* ContentView.swift */ = {isa = PBXFileReference; lastKnownFileType = sourcecode.swift; path = ContentView.swift; sourceTree = "<group>"; };
		540A18F52C9F6CD500291CEF /* ImmersiveView.swift */ = {isa = PBXFileReference; lastKnownFileType = sourcecode.swift; path = ImmersiveView.swift; sourceTree = "<group>"; };
		540A18F72C9F6CD500291CEF /* ImageBasedLighting.skybox */ = {isa = PBXFileReference; lastKnownFileType = file.skybox; path = ImageBasedLighting.skybox; sourceTree = "<group>"; };
		540A18F92C9F6CD800291CEF /* Assets.xcassets */ = {isa = PBXFileReference; lastKnownFileType = folder.assetcatalog; path = Assets.xcassets; sourceTree = "<group>"; };
		540A18FC2C9F6CD800291CEF /* Preview Assets.xcassets */ = {isa = PBXFileReference; lastKnownFileType = folder.assetcatalog; path = "Preview Assets.xcassets"; sourceTree = "<group>"; };
		540A18FE2C9F6CD800291CEF /* Info.plist */ = {isa = PBXFileReference; lastKnownFileType = text.plist.xml; path = Info.plist; sourceTree = "<group>"; };
		540A19042C9F6D8000291CEF /* FullSpaceView.swift */ = {isa = PBXFileReference; lastKnownFileType = sourcecode.swift; path = FullSpaceView.swift; sourceTree = "<group>"; };
		540EE1BA2C9F6EC70056F03C /* GameView.swift */ = {isa = PBXFileReference; lastKnownFileType = sourcecode.swift; path = GameView.swift; sourceTree = "<group>"; };
		540EE1BC2C9F6F290056F03C /* BoardView.swift */ = {isa = PBXFileReference; lastKnownFileType = sourcecode.swift; path = BoardView.swift; sourceTree = "<group>"; };
		540EE1C02C9F6F860056F03C /* AppModel.swift */ = {isa = PBXFileReference; lastKnownFileType = sourcecode.swift; path = AppModel.swift; sourceTree = "<group>"; };
		540EE1C22C9F74570056F03C /* TileView.swift */ = {isa = PBXFileReference; lastKnownFileType = sourcecode.swift; path = TileView.swift; sourceTree = "<group>"; };
		5436D50F2CA0C9C10065A4E3 /* VertexTileView.swift */ = {isa = PBXFileReference; lastKnownFileType = sourcecode.swift; path = VertexTileView.swift; sourceTree = "<group>"; };
		5436D5112CA0CDC60065A4E3 /* TilePathView.swift */ = {isa = PBXFileReference; lastKnownFileType = sourcecode.swift; path = TilePathView.swift; sourceTree = "<group>"; };
		544B33032CB1DBC100365A68 /* Index.swift */ = {isa = PBXFileReference; lastKnownFileType = sourcecode.swift; path = Index.swift; sourceTree = "<group>"; };
		5451CEC72CBB21B500025081 /* PositionError.swift */ = {isa = PBXFileReference; lastKnownFileType = sourcecode.swift; path = PositionError.swift; sourceTree = "<group>"; };
		5457F5AF2CA9F27300C5EFB7 /* TileType.swift */ = {isa = PBXFileReference; lastKnownFileType = sourcecode.swift; path = TileType.swift; sourceTree = "<group>"; };
		5457F5B22CA9F5CF00C5EFB7 /* Tile.swift */ = {isa = PBXFileReference; lastKnownFileType = sourcecode.swift; path = Tile.swift; sourceTree = "<group>"; };
		5457F5B42CA9F9B500C5EFB7 /* Board.swift */ = {isa = PBXFileReference; lastKnownFileType = sourcecode.swift; path = Board.swift; sourceTree = "<group>"; };
		548F23032CC5D64D00A50F3F /* MainView.swift */ = {isa = PBXFileReference; lastKnownFileType = sourcecode.swift; path = MainView.swift; sourceTree = "<group>"; };
		54911FA82CC7551600A9FDDE /* GameRule.swift */ = {isa = PBXFileReference; lastKnownFileType = sourcecode.swift; path = GameRule.swift; sourceTree = "<group>"; };
		54C879C92CD1E876003B88A6 /* NodeName.swift */ = {isa = PBXFileReference; lastKnownFileType = sourcecode.swift; path = NodeName.swift; sourceTree = "<group>"; };
		54CEB39D2CD6A9A500E1F5C2 /* Node.swift */ = {isa = PBXFileReference; lastKnownFileType = sourcecode.swift; path = Node.swift; sourceTree = "<group>"; };
/* End PBXFileReference section */

/* Begin PBXFrameworksBuildPhase section */
		540A18E72C9F6CD500291CEF /* Frameworks */ = {
			isa = PBXFrameworksBuildPhase;
			buildActionMask = 2147483647;
			files = (
				540A18F02C9F6CD500291CEF /* RealityKitContent in Frameworks */,
			);
			runOnlyForDeploymentPostprocessing = 0;
		};
/* End PBXFrameworksBuildPhase section */

/* Begin PBXGroup section */
		540A18E12C9F6CD500291CEF = {
			isa = PBXGroup;
			children = (
				540A18EC2C9F6CD500291CEF /* yootnori */,
				540A18ED2C9F6CD500291CEF /* Packages */,
				540A18EB2C9F6CD500291CEF /* Products */,
			);
			sourceTree = "<group>";
		};
		540A18EB2C9F6CD500291CEF /* Products */ = {
			isa = PBXGroup;
			children = (
				540A18EA2C9F6CD500291CEF /* yootnori.app */,
			);
			name = Products;
			sourceTree = "<group>";
		};
		540A18EC2C9F6CD500291CEF /* yootnori */ = {
			isa = PBXGroup;
			children = (
				5451CEC62CBB21AA00025081 /* Error */,
				5457F5B12CA9F5C800C5EFB7 /* Board */,
				5457F5AE2CA9F25F00C5EFB7 /* Enum */,
				540EE1BF2C9F6F7E0056F03C /* ViewModel */,
				540EE1BE2C9F6F740056F03C /* View */,
				540A18F12C9F6CD500291CEF /* App.swift */,
				540A18F32C9F6CD500291CEF /* ContentView.swift */,
				540A18F52C9F6CD500291CEF /* ImmersiveView.swift */,
				540A19042C9F6D8000291CEF /* FullSpaceView.swift */,
				540A18F72C9F6CD500291CEF /* ImageBasedLighting.skybox */,
				540A18F92C9F6CD800291CEF /* Assets.xcassets */,
				540A18FE2C9F6CD800291CEF /* Info.plist */,
				540A18FB2C9F6CD800291CEF /* Preview Content */,
			);
			path = yootnori;
			sourceTree = "<group>";
		};
		540A18ED2C9F6CD500291CEF /* Packages */ = {
			isa = PBXGroup;
			children = (
				540A18EE2C9F6CD500291CEF /* RealityKitContent */,
			);
			path = Packages;
			sourceTree = "<group>";
		};
		540A18FB2C9F6CD800291CEF /* Preview Content */ = {
			isa = PBXGroup;
			children = (
				540A18FC2C9F6CD800291CEF /* Preview Assets.xcassets */,
			);
			path = "Preview Content";
			sourceTree = "<group>";
		};
		540EE1BE2C9F6F740056F03C /* View */ = {
			isa = PBXGroup;
			children = (
				5436D50E2CA0C9B40065A4E3 /* Tile */,
				540EE1BA2C9F6EC70056F03C /* GameView.swift */,
				540EE1BC2C9F6F290056F03C /* BoardView.swift */,
				548F23032CC5D64D00A50F3F /* MainView.swift */,
			);
			path = View;
			sourceTree = "<group>";
		};
		540EE1BF2C9F6F7E0056F03C /* ViewModel */ = {
			isa = PBXGroup;
			children = (
				540EE1C02C9F6F860056F03C /* AppModel.swift */,
			);
			path = ViewModel;
			sourceTree = "<group>";
		};
		5436D50E2CA0C9B40065A4E3 /* Tile */ = {
			isa = PBXGroup;
			children = (
				540EE1C22C9F74570056F03C /* TileView.swift */,
				5436D50F2CA0C9C10065A4E3 /* VertexTileView.swift */,
				5436D5112CA0CDC60065A4E3 /* TilePathView.swift */,
			);
			path = Tile;
			sourceTree = "<group>";
		};
		5451CEC62CBB21AA00025081 /* Error */ = {
			isa = PBXGroup;
			children = (
				5451CEC72CBB21B500025081 /* PositionError.swift */,
			);
			path = Error;
			sourceTree = "<group>";
		};
		5457F5AE2CA9F25F00C5EFB7 /* Enum */ = {
			isa = PBXGroup;
			children = (
				5457F5AF2CA9F27300C5EFB7 /* TileType.swift */,
				5408E1B72CAB4BA800580E82 /* Dimensions.swift */,
				544B33032CB1DBC100365A68 /* Index.swift */,
				54911FA82CC7551600A9FDDE /* GameRule.swift */,
				54C879C92CD1E876003B88A6 /* NodeName.swift */,
			);
			path = Enum;
			sourceTree = "<group>";
		};
		5457F5B12CA9F5C800C5EFB7 /* Board */ = {
			isa = PBXGroup;
			children = (
				5457F5B22CA9F5CF00C5EFB7 /* Tile.swift */,
				5457F5B42CA9F9B500C5EFB7 /* Board.swift */,
				54CEB39D2CD6A9A500E1F5C2 /* Node.swift */,
			);
			path = Board;
			sourceTree = "<group>";
		};
/* End PBXGroup section */

/* Begin PBXNativeTarget section */
		540A18E92C9F6CD500291CEF /* yootnori */ = {
			isa = PBXNativeTarget;
			buildConfigurationList = 540A19012C9F6CD800291CEF /* Build configuration list for PBXNativeTarget "yootnori" */;
			buildPhases = (
				540A18E62C9F6CD500291CEF /* Sources */,
				540A18E72C9F6CD500291CEF /* Frameworks */,
				540A18E82C9F6CD500291CEF /* Resources */,
			);
			buildRules = (
			);
			dependencies = (
			);
			name = yootnori;
			packageProductDependencies = (
				540A18EF2C9F6CD500291CEF /* RealityKitContent */,
			);
			productName = yootnori;
			productReference = 540A18EA2C9F6CD500291CEF /* yootnori.app */;
			productType = "com.apple.product-type.application";
		};
/* End PBXNativeTarget section */

/* Begin PBXProject section */
		540A18E22C9F6CD500291CEF /* Project object */ = {
			isa = PBXProject;
			attributes = {
				BuildIndependentTargetsInParallel = 1;
				LastSwiftUpdateCheck = 1540;
				LastUpgradeCheck = 1540;
				TargetAttributes = {
					540A18E92C9F6CD500291CEF = {
						CreatedOnToolsVersion = 15.4;
					};
				};
			};
			buildConfigurationList = 540A18E52C9F6CD500291CEF /* Build configuration list for PBXProject "yootnori" */;
			compatibilityVersion = "Xcode 14.0";
			developmentRegion = en;
			hasScannedForEncodings = 0;
			knownRegions = (
				en,
				Base,
			);
			mainGroup = 540A18E12C9F6CD500291CEF;
			productRefGroup = 540A18EB2C9F6CD500291CEF /* Products */;
			projectDirPath = "";
			projectRoot = "";
			targets = (
				540A18E92C9F6CD500291CEF /* yootnori */,
			);
		};
/* End PBXProject section */

/* Begin PBXResourcesBuildPhase section */
		540A18E82C9F6CD500291CEF /* Resources */ = {
			isa = PBXResourcesBuildPhase;
			buildActionMask = 2147483647;
			files = (
				540A18FA2C9F6CD800291CEF /* Assets.xcassets in Resources */,
				540A18FD2C9F6CD800291CEF /* Preview Assets.xcassets in Resources */,
				540A18F82C9F6CD500291CEF /* ImageBasedLighting.skybox in Resources */,
			);
			runOnlyForDeploymentPostprocessing = 0;
		};
/* End PBXResourcesBuildPhase section */

/* Begin PBXSourcesBuildPhase section */
		540A18E62C9F6CD500291CEF /* Sources */ = {
			isa = PBXSourcesBuildPhase;
			buildActionMask = 2147483647;
			files = (
				540EE1C12C9F6F860056F03C /* AppModel.swift in Sources */,
				5457F5B02CA9F27300C5EFB7 /* TileType.swift in Sources */,
				540A19052C9F6D8000291CEF /* FullSpaceView.swift in Sources */,
				5457F5B32CA9F5CF00C5EFB7 /* Tile.swift in Sources */,
				540EE1C32C9F74570056F03C /* TileView.swift in Sources */,
				540A18F42C9F6CD500291CEF /* ContentView.swift in Sources */,
				5457F5B52CA9F9B500C5EFB7 /* Board.swift in Sources */,
				540A18F22C9F6CD500291CEF /* App.swift in Sources */,
				5436D5102CA0C9C10065A4E3 /* VertexTileView.swift in Sources */,
				54911FA92CC7551600A9FDDE /* GameRule.swift in Sources */,
				540EE1BD2C9F6F290056F03C /* BoardView.swift in Sources */,
				54CEB39E2CD6A9A500E1F5C2 /* Node.swift in Sources */,
				54C879CA2CD1E876003B88A6 /* NodeName.swift in Sources */,
				5436D5122CA0CDC60065A4E3 /* TilePathView.swift in Sources */,
				548F23042CC5D64D00A50F3F /* MainView.swift in Sources */,
				540A18F62C9F6CD500291CEF /* ImmersiveView.swift in Sources */,
				5408E1B82CAB4BA800580E82 /* Dimensions.swift in Sources */,
				5451CEC82CBB21B500025081 /* PositionError.swift in Sources */,
				540EE1BB2C9F6EC70056F03C /* GameView.swift in Sources */,
				544B33042CB1DBC100365A68 /* Index.swift in Sources */,
			);
			runOnlyForDeploymentPostprocessing = 0;
		};
/* End PBXSourcesBuildPhase section */

/* Begin XCBuildConfiguration section */
		540A18FF2C9F6CD800291CEF /* Debug */ = {
			isa = XCBuildConfiguration;
			buildSettings = {
				ALWAYS_SEARCH_USER_PATHS = NO;
				ASSETCATALOG_COMPILER_GENERATE_SWIFT_ASSET_SYMBOL_EXTENSIONS = YES;
				CLANG_ANALYZER_NONNULL = YES;
				CLANG_ANALYZER_NUMBER_OBJECT_CONVERSION = YES_AGGRESSIVE;
				CLANG_CXX_LANGUAGE_STANDARD = "gnu++20";
				CLANG_ENABLE_MODULES = YES;
				CLANG_ENABLE_OBJC_ARC = YES;
				CLANG_ENABLE_OBJC_WEAK = YES;
				CLANG_WARN_BLOCK_CAPTURE_AUTORELEASING = YES;
				CLANG_WARN_BOOL_CONVERSION = YES;
				CLANG_WARN_COMMA = YES;
				CLANG_WARN_CONSTANT_CONVERSION = YES;
				CLANG_WARN_DEPRECATED_OBJC_IMPLEMENTATIONS = YES;
				CLANG_WARN_DIRECT_OBJC_ISA_USAGE = YES_ERROR;
				CLANG_WARN_DOCUMENTATION_COMMENTS = YES;
				CLANG_WARN_EMPTY_BODY = YES;
				CLANG_WARN_ENUM_CONVERSION = YES;
				CLANG_WARN_INFINITE_RECURSION = YES;
				CLANG_WARN_INT_CONVERSION = YES;
				CLANG_WARN_NON_LITERAL_NULL_CONVERSION = YES;
				CLANG_WARN_OBJC_IMPLICIT_RETAIN_SELF = YES;
				CLANG_WARN_OBJC_LITERAL_CONVERSION = YES;
				CLANG_WARN_OBJC_ROOT_CLASS = YES_ERROR;
				CLANG_WARN_QUOTED_INCLUDE_IN_FRAMEWORK_HEADER = YES;
				CLANG_WARN_RANGE_LOOP_ANALYSIS = YES;
				CLANG_WARN_STRICT_PROTOTYPES = YES;
				CLANG_WARN_SUSPICIOUS_MOVE = YES;
				CLANG_WARN_UNGUARDED_AVAILABILITY = YES_AGGRESSIVE;
				CLANG_WARN_UNREACHABLE_CODE = YES;
				CLANG_WARN__DUPLICATE_METHOD_MATCH = YES;
				COPY_PHASE_STRIP = NO;
				DEBUG_INFORMATION_FORMAT = dwarf;
				ENABLE_STRICT_OBJC_MSGSEND = YES;
				ENABLE_TESTABILITY = YES;
				ENABLE_USER_SCRIPT_SANDBOXING = YES;
				GCC_C_LANGUAGE_STANDARD = gnu17;
				GCC_DYNAMIC_NO_PIC = NO;
				GCC_NO_COMMON_BLOCKS = YES;
				GCC_OPTIMIZATION_LEVEL = 0;
				GCC_PREPROCESSOR_DEFINITIONS = (
					"DEBUG=1",
					"$(inherited)",
				);
				GCC_WARN_64_TO_32_BIT_CONVERSION = YES;
				GCC_WARN_ABOUT_RETURN_TYPE = YES_ERROR;
				GCC_WARN_UNDECLARED_SELECTOR = YES;
				GCC_WARN_UNINITIALIZED_AUTOS = YES_AGGRESSIVE;
				GCC_WARN_UNUSED_FUNCTION = YES;
				GCC_WARN_UNUSED_VARIABLE = YES;
				LOCALIZATION_PREFERS_STRING_CATALOGS = YES;
				MTL_ENABLE_DEBUG_INFO = INCLUDE_SOURCE;
				MTL_FAST_MATH = YES;
				ONLY_ACTIVE_ARCH = YES;
				SDKROOT = xros;
				SWIFT_ACTIVE_COMPILATION_CONDITIONS = "DEBUG $(inherited)";
				SWIFT_OPTIMIZATION_LEVEL = "-Onone";
				XROS_DEPLOYMENT_TARGET = 1.2;
			};
			name = Debug;
		};
		540A19002C9F6CD800291CEF /* Release */ = {
			isa = XCBuildConfiguration;
			buildSettings = {
				ALWAYS_SEARCH_USER_PATHS = NO;
				ASSETCATALOG_COMPILER_GENERATE_SWIFT_ASSET_SYMBOL_EXTENSIONS = YES;
				CLANG_ANALYZER_NONNULL = YES;
				CLANG_ANALYZER_NUMBER_OBJECT_CONVERSION = YES_AGGRESSIVE;
				CLANG_CXX_LANGUAGE_STANDARD = "gnu++20";
				CLANG_ENABLE_MODULES = YES;
				CLANG_ENABLE_OBJC_ARC = YES;
				CLANG_ENABLE_OBJC_WEAK = YES;
				CLANG_WARN_BLOCK_CAPTURE_AUTORELEASING = YES;
				CLANG_WARN_BOOL_CONVERSION = YES;
				CLANG_WARN_COMMA = YES;
				CLANG_WARN_CONSTANT_CONVERSION = YES;
				CLANG_WARN_DEPRECATED_OBJC_IMPLEMENTATIONS = YES;
				CLANG_WARN_DIRECT_OBJC_ISA_USAGE = YES_ERROR;
				CLANG_WARN_DOCUMENTATION_COMMENTS = YES;
				CLANG_WARN_EMPTY_BODY = YES;
				CLANG_WARN_ENUM_CONVERSION = YES;
				CLANG_WARN_INFINITE_RECURSION = YES;
				CLANG_WARN_INT_CONVERSION = YES;
				CLANG_WARN_NON_LITERAL_NULL_CONVERSION = YES;
				CLANG_WARN_OBJC_IMPLICIT_RETAIN_SELF = YES;
				CLANG_WARN_OBJC_LITERAL_CONVERSION = YES;
				CLANG_WARN_OBJC_ROOT_CLASS = YES_ERROR;
				CLANG_WARN_QUOTED_INCLUDE_IN_FRAMEWORK_HEADER = YES;
				CLANG_WARN_RANGE_LOOP_ANALYSIS = YES;
				CLANG_WARN_STRICT_PROTOTYPES = YES;
				CLANG_WARN_SUSPICIOUS_MOVE = YES;
				CLANG_WARN_UNGUARDED_AVAILABILITY = YES_AGGRESSIVE;
				CLANG_WARN_UNREACHABLE_CODE = YES;
				CLANG_WARN__DUPLICATE_METHOD_MATCH = YES;
				COPY_PHASE_STRIP = NO;
				DEBUG_INFORMATION_FORMAT = "dwarf-with-dsym";
				ENABLE_NS_ASSERTIONS = NO;
				ENABLE_STRICT_OBJC_MSGSEND = YES;
				ENABLE_USER_SCRIPT_SANDBOXING = YES;
				GCC_C_LANGUAGE_STANDARD = gnu17;
				GCC_NO_COMMON_BLOCKS = YES;
				GCC_WARN_64_TO_32_BIT_CONVERSION = YES;
				GCC_WARN_ABOUT_RETURN_TYPE = YES_ERROR;
				GCC_WARN_UNDECLARED_SELECTOR = YES;
				GCC_WARN_UNINITIALIZED_AUTOS = YES_AGGRESSIVE;
				GCC_WARN_UNUSED_FUNCTION = YES;
				GCC_WARN_UNUSED_VARIABLE = YES;
				LOCALIZATION_PREFERS_STRING_CATALOGS = YES;
				MTL_ENABLE_DEBUG_INFO = NO;
				MTL_FAST_MATH = YES;
				SDKROOT = xros;
				SWIFT_COMPILATION_MODE = wholemodule;
				VALIDATE_PRODUCT = YES;
				XROS_DEPLOYMENT_TARGET = 1.2;
			};
			name = Release;
		};
		540A19022C9F6CD800291CEF /* Debug */ = {
			isa = XCBuildConfiguration;
			buildSettings = {
				ASSETCATALOG_COMPILER_APPICON_NAME = AppIcon;
				ASSETCATALOG_COMPILER_GLOBAL_ACCENT_COLOR_NAME = AccentColor;
				CODE_SIGN_STYLE = Automatic;
				CURRENT_PROJECT_VERSION = 1;
				DEVELOPMENT_ASSET_PATHS = "\"yootnori/Preview Content\"";
				DEVELOPMENT_TEAM = R74253J4UR;
				ENABLE_PREVIEWS = YES;
				GENERATE_INFOPLIST_FILE = YES;
				INFOPLIST_FILE = "$(TARGET_NAME)/Info.plist";
				LD_RUNPATH_SEARCH_PATHS = (
					"$(inherited)",
					"@executable_path/Frameworks",
				);
				MARKETING_VERSION = 1.0;
				PRODUCT_BUNDLE_IDENTIFIER = com.gongchoong.sample.yootnori;
				PRODUCT_NAME = "$(TARGET_NAME)";
				SUPPORTED_PLATFORMS = "xros xrsimulator";
				SWIFT_EMIT_LOC_STRINGS = YES;
				SWIFT_VERSION = 5.0;
				TARGETED_DEVICE_FAMILY = "1,2,7";
			};
			name = Debug;
		};
		540A19032C9F6CD800291CEF /* Release */ = {
			isa = XCBuildConfiguration;
			buildSettings = {
				ASSETCATALOG_COMPILER_APPICON_NAME = AppIcon;
				ASSETCATALOG_COMPILER_GLOBAL_ACCENT_COLOR_NAME = AccentColor;
				CODE_SIGN_STYLE = Automatic;
				CURRENT_PROJECT_VERSION = 1;
				DEVELOPMENT_ASSET_PATHS = "\"yootnori/Preview Content\"";
				DEVELOPMENT_TEAM = R74253J4UR;
				ENABLE_PREVIEWS = YES;
				GENERATE_INFOPLIST_FILE = YES;
				INFOPLIST_FILE = "$(TARGET_NAME)/Info.plist";
				LD_RUNPATH_SEARCH_PATHS = (
					"$(inherited)",
					"@executable_path/Frameworks",
				);
				MARKETING_VERSION = 1.0;
				PRODUCT_BUNDLE_IDENTIFIER = com.gongchoong.sample.yootnori;
				PRODUCT_NAME = "$(TARGET_NAME)";
				SUPPORTED_PLATFORMS = "xros xrsimulator";
				SWIFT_EMIT_LOC_STRINGS = YES;
				SWIFT_VERSION = 5.0;
				TARGETED_DEVICE_FAMILY = "1,2,7";
			};
			name = Release;
		};
/* End XCBuildConfiguration section */

/* Begin XCConfigurationList section */
		540A18E52C9F6CD500291CEF /* Build configuration list for PBXProject "yootnori" */ = {
			isa = XCConfigurationList;
			buildConfigurations = (
				540A18FF2C9F6CD800291CEF /* Debug */,
				540A19002C9F6CD800291CEF /* Release */,
			);
			defaultConfigurationIsVisible = 0;
			defaultConfigurationName = Release;
		};
		540A19012C9F6CD800291CEF /* Build configuration list for PBXNativeTarget "yootnori" */ = {
			isa = XCConfigurationList;
			buildConfigurations = (
				540A19022C9F6CD800291CEF /* Debug */,
				540A19032C9F6CD800291CEF /* Release */,
			);
			defaultConfigurationIsVisible = 0;
			defaultConfigurationName = Release;
		};
/* End XCConfigurationList section */

/* Begin XCSwiftPackageProductDependency section */
		540A18EF2C9F6CD500291CEF /* RealityKitContent */ = {
			isa = XCSwiftPackageProductDependency;
			productName = RealityKitContent;
		};
/* End XCSwiftPackageProductDependency section */
	};
	rootObject = 540A18E22C9F6CD500291CEF /* Project object */;
}
